
Microsoft Visual Studio Solution File, Format Version 12.00
# Visual Studio Version 16
VisualStudioVersion = 16.0.29519.87
MinimumVisualStudioVersion = 10.0.40219.1
Project("{FAE04EC0-301F-11D3-BF4B-00C04F79EFBC}") = "Rzy Protector V2 Unpacker", "Rzy Protector V2 Unpacker\Rzy Protector V2 Unpacker.csproj", "{89F3A7AC-BEE3-43AB-B4DD-662CA4459274}"
EndProject
Global
	GlobalSection(SolutionConfigurationPlatforms) = preSolution
		Debug|Any CPU = Debug|Any CPU
		Release|Any CPU = Release|Any CPU
	EndGlobalSection
	GlobalSection(ProjectConfigurationPlatforms) = postSolution
		{89F3A7AC-BEE3-43AB-B4DD-662CA4459274}.Debug|Any CPU.ActiveCfg = Debug|Any CPU
		{89F3A7AC-BEE3-43AB-B4DD-662CA4459274}.Debug|Any CPU.Build.0 = Debug|Any CPU
		{89F3A7AC-BEE3-43AB-B4DD-662CA4459274}.Release|Any CPU.ActiveCfg = Release|Any CPU
		{89F3A7AC-BEE3-43AB-B4DD-662CA4459274}.Release|Any CPU.Build.0 = Release|Any CPU
	EndGlobalSection
	GlobalSection(SolutionProperties) = preSolution
		HideSolutionNode = FALSE
	EndGlobalSection
	GlobalSection(ExtensibilityGlobals) = postSolution
		SolutionGuid = {7A2ACD75-A870-4F28-9037-16B5B1BC70D1}
	EndGlobalSection
EndGlobal
